// !$*UTF8*$!
{
	archiveVersion = 1;
	classes = {
	};
	objectVersion = 56;
	objects = {

/* Begin PBXBuildFile section */
		19134CF02AE5583D00CEA8A3 /* RandomWorkoutGeneratorApp.swift in Sources */ = {isa = PBXBuildFile; fileRef = 19134CEF2AE5583D00CEA8A3 /* RandomWorkoutGeneratorApp.swift */; };
		19134CF22AE5583D00CEA8A3 /* ContentView.swift in Sources */ = {isa = PBXBuildFile; fileRef = 19134CF12AE5583D00CEA8A3 /* ContentView.swift */; };
		19134CF42AE5584000CEA8A3 /* Assets.xcassets in Resources */ = {isa = PBXBuildFile; fileRef = 19134CF32AE5584000CEA8A3 /* Assets.xcassets */; };
		19134CF72AE5584000CEA8A3 /* Preview Assets.xcassets in Resources */ = {isa = PBXBuildFile; fileRef = 19134CF62AE5584000CEA8A3 /* Preview Assets.xcassets */; };
		19134CFC2AE5584000CEA8A3 /* RandomWorkoutGenerator.xcdatamodeld in Sources */ = {isa = PBXBuildFile; fileRef = 19134CFA2AE5584000CEA8A3 /* RandomWorkoutGenerator.xcdatamodeld */; };
		19134D062AE5584000CEA8A3 /* RandomWorkoutGeneratorTests.swift in Sources */ = {isa = PBXBuildFile; fileRef = 19134D052AE5584000CEA8A3 /* RandomWorkoutGeneratorTests.swift */; };
		19134D102AE5584000CEA8A3 /* RandomWorkoutGeneratorUITests.swift in Sources */ = {isa = PBXBuildFile; fileRef = 19134D0F2AE5584000CEA8A3 /* RandomWorkoutGeneratorUITests.swift */; };
		19134D122AE5584000CEA8A3 /* RandomWorkoutGeneratorUITestsLaunchTests.swift in Sources */ = {isa = PBXBuildFile; fileRef = 19134D112AE5584000CEA8A3 /* RandomWorkoutGeneratorUITestsLaunchTests.swift */; };
		19134D1F2AE6AC6600CEA8A3 /* ExerciseCountView.swift in Sources */ = {isa = PBXBuildFile; fileRef = 19134D1E2AE6AC6600CEA8A3 /* ExerciseCountView.swift */; };
		19134D212AE7F84D00CEA8A3 /* ApiKeys.plist in Resources */ = {isa = PBXBuildFile; fileRef = 19134D202AE7F84D00CEA8A3 /* ApiKeys.plist */; };
		19134D232AE7F8E300CEA8A3 /* .gitignore in Resources */ = {isa = PBXBuildFile; fileRef = 19134D222AE7F8E300CEA8A3 /* .gitignore */; };
		19134D252AE7FC8000CEA8A3 /* WorkoutFetchView.swift in Sources */ = {isa = PBXBuildFile; fileRef = 19134D242AE7FC8000CEA8A3 /* WorkoutFetchView.swift */; };
		19134D272AE81DF000CEA8A3 /* ExerciseListView.swift in Sources */ = {isa = PBXBuildFile; fileRef = 19134D262AE81DF000CEA8A3 /* ExerciseListView.swift */; };
		19134D292AE85DD200CEA8A3 /* ExerciseDetailsView.swift in Sources */ = {isa = PBXBuildFile; fileRef = 19134D282AE85DD200CEA8A3 /* ExerciseDetailsView.swift */; };
/* End PBXBuildFile section */

/* Begin PBXContainerItemProxy section */
		19134D022AE5584000CEA8A3 /* PBXContainerItemProxy */ = {
			isa = PBXContainerItemProxy;
			containerPortal = 19134CE42AE5583D00CEA8A3 /* Project object */;
			proxyType = 1;
			remoteGlobalIDString = 19134CEB2AE5583D00CEA8A3;
			remoteInfo = RandomWorkoutGenerator;
		};
		19134D0C2AE5584000CEA8A3 /* PBXContainerItemProxy */ = {
			isa = PBXContainerItemProxy;
			containerPortal = 19134CE42AE5583D00CEA8A3 /* Project object */;
			proxyType = 1;
			remoteGlobalIDString = 19134CEB2AE5583D00CEA8A3;
			remoteInfo = RandomWorkoutGenerator;
		};
/* End PBXContainerItemProxy section */

/* Begin PBXFileReference section */
		19134CEC2AE5583D00CEA8A3 /* RandomWorkoutGenerator.app */ = {isa = PBXFileReference; explicitFileType = wrapper.application; includeInIndex = 0; path = RandomWorkoutGenerator.app; sourceTree = BUILT_PRODUCTS_DIR; };
		19134CEF2AE5583D00CEA8A3 /* RandomWorkoutGeneratorApp.swift */ = {isa = PBXFileReference; lastKnownFileType = sourcecode.swift; path = RandomWorkoutGeneratorApp.swift; sourceTree = "<group>"; };
		19134CF12AE5583D00CEA8A3 /* ContentView.swift */ = {isa = PBXFileReference; lastKnownFileType = sourcecode.swift; path = ContentView.swift; sourceTree = "<group>"; };
		19134CF32AE5584000CEA8A3 /* Assets.xcassets */ = {isa = PBXFileReference; lastKnownFileType = folder.assetcatalog; path = Assets.xcassets; sourceTree = "<group>"; };
		19134CF62AE5584000CEA8A3 /* Preview Assets.xcassets */ = {isa = PBXFileReference; lastKnownFileType = folder.assetcatalog; path = "Preview Assets.xcassets"; sourceTree = "<group>"; };
		19134CFB2AE5584000CEA8A3 /* RandomWorkoutGenerator.xcdatamodel */ = {isa = PBXFileReference; lastKnownFileType = wrapper.xcdatamodel; path = RandomWorkoutGenerator.xcdatamodel; sourceTree = "<group>"; };
		19134D012AE5584000CEA8A3 /* RandomWorkoutGeneratorTests.xctest */ = {isa = PBXFileReference; explicitFileType = wrapper.cfbundle; includeInIndex = 0; path = RandomWorkoutGeneratorTests.xctest; sourceTree = BUILT_PRODUCTS_DIR; };
		19134D052AE5584000CEA8A3 /* RandomWorkoutGeneratorTests.swift */ = {isa = PBXFileReference; lastKnownFileType = sourcecode.swift; path = RandomWorkoutGeneratorTests.swift; sourceTree = "<group>"; };
		19134D0B2AE5584000CEA8A3 /* RandomWorkoutGeneratorUITests.xctest */ = {isa = PBXFileReference; explicitFileType = wrapper.cfbundle; includeInIndex = 0; path = RandomWorkoutGeneratorUITests.xctest; sourceTree = BUILT_PRODUCTS_DIR; };
		19134D0F2AE5584000CEA8A3 /* RandomWorkoutGeneratorUITests.swift */ = {isa = PBXFileReference; lastKnownFileType = sourcecode.swift; path = RandomWorkoutGeneratorUITests.swift; sourceTree = "<group>"; };
		19134D112AE5584000CEA8A3 /* RandomWorkoutGeneratorUITestsLaunchTests.swift */ = {isa = PBXFileReference; lastKnownFileType = sourcecode.swift; path = RandomWorkoutGeneratorUITestsLaunchTests.swift; sourceTree = "<group>"; };
		19134D1E2AE6AC6600CEA8A3 /* ExerciseCountView.swift */ = {isa = PBXFileReference; lastKnownFileType = sourcecode.swift; path = ExerciseCountView.swift; sourceTree = "<group>"; };
		19134D202AE7F84D00CEA8A3 /* ApiKeys.plist */ = {isa = PBXFileReference; lastKnownFileType = text.plist.xml; path = ApiKeys.plist; sourceTree = "<group>"; };
		19134D222AE7F8E300CEA8A3 /* .gitignore */ = {isa = PBXFileReference; lastKnownFileType = text; path = .gitignore; sourceTree = "<group>"; };
		19134D242AE7FC8000CEA8A3 /* WorkoutFetchView.swift */ = {isa = PBXFileReference; lastKnownFileType = sourcecode.swift; path = WorkoutFetchView.swift; sourceTree = "<group>"; };
		19134D262AE81DF000CEA8A3 /* ExerciseListView.swift */ = {isa = PBXFileReference; lastKnownFileType = sourcecode.swift; path = ExerciseListView.swift; sourceTree = "<group>"; };
		19134D282AE85DD200CEA8A3 /* ExerciseDetailsView.swift */ = {isa = PBXFileReference; lastKnownFileType = sourcecode.swift; path = ExerciseDetailsView.swift; sourceTree = "<group>"; };
/* End PBXFileReference section */

/* Begin PBXFrameworksBuildPhase section */
		19134CE92AE5583D00CEA8A3 /* Frameworks */ = {
			isa = PBXFrameworksBuildPhase;
			buildActionMask = 2147483647;
			files = (
			);
			runOnlyForDeploymentPostprocessing = 0;
		};
		19134CFE2AE5584000CEA8A3 /* Frameworks */ = {
			isa = PBXFrameworksBuildPhase;
			buildActionMask = 2147483647;
			files = (
			);
			runOnlyForDeploymentPostprocessing = 0;
		};
		19134D082AE5584000CEA8A3 /* Frameworks */ = {
			isa = PBXFrameworksBuildPhase;
			buildActionMask = 2147483647;
			files = (
			);
			runOnlyForDeploymentPostprocessing = 0;
		};
/* End PBXFrameworksBuildPhase section */

/* Begin PBXGroup section */
		19134CE32AE5583D00CEA8A3 = {
			isa = PBXGroup;
			children = (
				19134CEE2AE5583D00CEA8A3 /* RandomWorkoutGenerator */,
				19134D042AE5584000CEA8A3 /* RandomWorkoutGeneratorTests */,
				19134D0E2AE5584000CEA8A3 /* RandomWorkoutGeneratorUITests */,
				19134CED2AE5583D00CEA8A3 /* Products */,
			);
			sourceTree = "<group>";
		};
		19134CED2AE5583D00CEA8A3 /* Products */ = {
			isa = PBXGroup;
			children = (
				19134CEC2AE5583D00CEA8A3 /* RandomWorkoutGenerator.app */,
				19134D012AE5584000CEA8A3 /* RandomWorkoutGeneratorTests.xctest */,
				19134D0B2AE5584000CEA8A3 /* RandomWorkoutGeneratorUITests.xctest */,
			);
			name = Products;
			sourceTree = "<group>";
		};
		19134CEE2AE5583D00CEA8A3 /* RandomWorkoutGenerator */ = {
			isa = PBXGroup;
			children = (
				19134CEF2AE5583D00CEA8A3 /* RandomWorkoutGeneratorApp.swift */,
				19134CF12AE5583D00CEA8A3 /* ContentView.swift */,
				19134D1E2AE6AC6600CEA8A3 /* ExerciseCountView.swift */,
				19134CF32AE5584000CEA8A3 /* Assets.xcassets */,
				19134CFA2AE5584000CEA8A3 /* RandomWorkoutGenerator.xcdatamodeld */,
				19134CF52AE5584000CEA8A3 /* Preview Content */,
				19134D202AE7F84D00CEA8A3 /* ApiKeys.plist */,
				19134D222AE7F8E300CEA8A3 /* .gitignore */,
				19134D242AE7FC8000CEA8A3 /* WorkoutFetchView.swift */,
				19134D262AE81DF000CEA8A3 /* ExerciseListView.swift */,
				19134D282AE85DD200CEA8A3 /* ExerciseDetailsView.swift */,
			);
			path = RandomWorkoutGenerator;
			sourceTree = "<group>";
		};
		19134CF52AE5584000CEA8A3 /* Preview Content */ = {
			isa = PBXGroup;
			children = (
				19134CF62AE5584000CEA8A3 /* Preview Assets.xcassets */,
			);
			path = "Preview Content";
			sourceTree = "<group>";
		};
		19134D042AE5584000CEA8A3 /* RandomWorkoutGeneratorTests */ = {
			isa = PBXGroup;
			children = (
				19134D052AE5584000CEA8A3 /* RandomWorkoutGeneratorTests.swift */,
			);
			path = RandomWorkoutGeneratorTests;
			sourceTree = "<group>";
		};
		19134D0E2AE5584000CEA8A3 /* RandomWorkoutGeneratorUITests */ = {
			isa = PBXGroup;
			children = (
				19134D0F2AE5584000CEA8A3 /* RandomWorkoutGeneratorUITests.swift */,
				19134D112AE5584000CEA8A3 /* RandomWorkoutGeneratorUITestsLaunchTests.swift */,
			);
			path = RandomWorkoutGeneratorUITests;
			sourceTree = "<group>";
		};
/* End PBXGroup section */

/* Begin PBXNativeTarget section */
		19134CEB2AE5583D00CEA8A3 /* RandomWorkoutGenerator */ = {
			isa = PBXNativeTarget;
			buildConfigurationList = 19134D152AE5584000CEA8A3 /* Build configuration list for PBXNativeTarget "RandomWorkoutGenerator" */;
			buildPhases = (
				19134CE82AE5583D00CEA8A3 /* Sources */,
				19134CE92AE5583D00CEA8A3 /* Frameworks */,
				19134CEA2AE5583D00CEA8A3 /* Resources */,
			);
			buildRules = (
			);
			dependencies = (
			);
			name = RandomWorkoutGenerator;
			productName = RandomWorkoutGenerator;
			productReference = 19134CEC2AE5583D00CEA8A3 /* RandomWorkoutGenerator.app */;
			productType = "com.apple.product-type.application";
		};
		19134D002AE5584000CEA8A3 /* RandomWorkoutGeneratorTests */ = {
			isa = PBXNativeTarget;
			buildConfigurationList = 19134D182AE5584000CEA8A3 /* Build configuration list for PBXNativeTarget "RandomWorkoutGeneratorTests" */;
			buildPhases = (
				19134CFD2AE5584000CEA8A3 /* Sources */,
				19134CFE2AE5584000CEA8A3 /* Frameworks */,
				19134CFF2AE5584000CEA8A3 /* Resources */,
			);
			buildRules = (
			);
			dependencies = (
				19134D032AE5584000CEA8A3 /* PBXTargetDependency */,
			);
			name = RandomWorkoutGeneratorTests;
			productName = RandomWorkoutGeneratorTests;
			productReference = 19134D012AE5584000CEA8A3 /* RandomWorkoutGeneratorTests.xctest */;
			productType = "com.apple.product-type.bundle.unit-test";
		};
		19134D0A2AE5584000CEA8A3 /* RandomWorkoutGeneratorUITests */ = {
			isa = PBXNativeTarget;
			buildConfigurationList = 19134D1B2AE5584000CEA8A3 /* Build configuration list for PBXNativeTarget "RandomWorkoutGeneratorUITests" */;
			buildPhases = (
				19134D072AE5584000CEA8A3 /* Sources */,
				19134D082AE5584000CEA8A3 /* Frameworks */,
				19134D092AE5584000CEA8A3 /* Resources */,
			);
			buildRules = (
			);
			dependencies = (
				19134D0D2AE5584000CEA8A3 /* PBXTargetDependency */,
			);
			name = RandomWorkoutGeneratorUITests;
			productName = RandomWorkoutGeneratorUITests;
			productReference = 19134D0B2AE5584000CEA8A3 /* RandomWorkoutGeneratorUITests.xctest */;
			productType = "com.apple.product-type.bundle.ui-testing";
		};
/* End PBXNativeTarget section */

/* Begin PBXProject section */
		19134CE42AE5583D00CEA8A3 /* Project object */ = {
			isa = PBXProject;
			attributes = {
				BuildIndependentTargetsInParallel = 1;
				LastSwiftUpdateCheck = 1430;
				LastUpgradeCheck = 1430;
				TargetAttributes = {
					19134CEB2AE5583D00CEA8A3 = {
						CreatedOnToolsVersion = 14.3;
					};
					19134D002AE5584000CEA8A3 = {
						CreatedOnToolsVersion = 14.3;
						TestTargetID = 19134CEB2AE5583D00CEA8A3;
					};
					19134D0A2AE5584000CEA8A3 = {
						CreatedOnToolsVersion = 14.3;
						TestTargetID = 19134CEB2AE5583D00CEA8A3;
					};
				};
			};
			buildConfigurationList = 19134CE72AE5583D00CEA8A3 /* Build configuration list for PBXProject "RandomWorkoutGenerator" */;
			compatibilityVersion = "Xcode 14.0";
			developmentRegion = en;
			hasScannedForEncodings = 0;
			knownRegions = (
				en,
				Base,
			);
			mainGroup = 19134CE32AE5583D00CEA8A3;
			productRefGroup = 19134CED2AE5583D00CEA8A3 /* Products */;
			projectDirPath = "";
			projectRoot = "";
			targets = (
				19134CEB2AE5583D00CEA8A3 /* RandomWorkoutGenerator */,
				19134D002AE5584000CEA8A3 /* RandomWorkoutGeneratorTests */,
				19134D0A2AE5584000CEA8A3 /* RandomWorkoutGeneratorUITests */,
			);
		};
/* End PBXProject section */

/* Begin PBXResourcesBuildPhase section */
		19134CEA2AE5583D00CEA8A3 /* Resources */ = {
			isa = PBXResourcesBuildPhase;
			buildActionMask = 2147483647;
			files = (
				19134D232AE7F8E300CEA8A3 /* .gitignore in Resources */,
				19134CF72AE5584000CEA8A3 /* Preview Assets.xcassets in Resources */,
				19134CF42AE5584000CEA8A3 /* Assets.xcassets in Resources */,
				19134D212AE7F84D00CEA8A3 /* ApiKeys.plist in Resources */,
			);
			runOnlyForDeploymentPostprocessing = 0;
		};
		19134CFF2AE5584000CEA8A3 /* Resources */ = {
			isa = PBXResourcesBuildPhase;
			buildActionMask = 2147483647;
			files = (
			);
			runOnlyForDeploymentPostprocessing = 0;
		};
		19134D092AE5584000CEA8A3 /* Resources */ = {
			isa = PBXResourcesBuildPhase;
			buildActionMask = 2147483647;
			files = (
			);
			runOnlyForDeploymentPostprocessing = 0;
		};
/* End PBXResourcesBuildPhase section */

/* Begin PBXSourcesBuildPhase section */
		19134CE82AE5583D00CEA8A3 /* Sources */ = {
			isa = PBXSourcesBuildPhase;
			buildActionMask = 2147483647;
			files = (
				19134CF22AE5583D00CEA8A3 /* ContentView.swift in Sources */,
				19134CFC2AE5584000CEA8A3 /* RandomWorkoutGenerator.xcdatamodeld in Sources */,
				19134D1F2AE6AC6600CEA8A3 /* ExerciseCountView.swift in Sources */,
				19134CF02AE5583D00CEA8A3 /* RandomWorkoutGeneratorApp.swift in Sources */,
				19134D272AE81DF000CEA8A3 /* ExerciseListView.swift in Sources */,
				19134D252AE7FC8000CEA8A3 /* WorkoutFetchView.swift in Sources */,
				19134D292AE85DD200CEA8A3 /* ExerciseDetailsView.swift in Sources */,
			);
			runOnlyForDeploymentPostprocessing = 0;
		};
		19134CFD2AE5584000CEA8A3 /* Sources */ = {
			isa = PBXSourcesBuildPhase;
			buildActionMask = 2147483647;
			files = (
				19134D062AE5584000CEA8A3 /* RandomWorkoutGeneratorTests.swift in Sources */,
			);
			runOnlyForDeploymentPostprocessing = 0;
		};
		19134D072AE5584000CEA8A3 /* Sources */ = {
			isa = PBXSourcesBuildPhase;
			buildActionMask = 2147483647;
			files = (
				19134D102AE5584000CEA8A3 /* RandomWorkoutGeneratorUITests.swift in Sources */,
				19134D122AE5584000CEA8A3 /* RandomWorkoutGeneratorUITestsLaunchTests.swift in Sources */,
			);
			runOnlyForDeploymentPostprocessing = 0;
		};
/* End PBXSourcesBuildPhase section */

/* Begin PBXTargetDependency section */
		19134D032AE5584000CEA8A3 /* PBXTargetDependency */ = {
			isa = PBXTargetDependency;
			target = 19134CEB2AE5583D00CEA8A3 /* RandomWorkoutGenerator */;
			targetProxy = 19134D022AE5584000CEA8A3 /* PBXContainerItemProxy */;
		};
		19134D0D2AE5584000CEA8A3 /* PBXTargetDependency */ = {
			isa = PBXTargetDependency;
			target = 19134CEB2AE5583D00CEA8A3 /* RandomWorkoutGenerator */;
			targetProxy = 19134D0C2AE5584000CEA8A3 /* PBXContainerItemProxy */;
		};
/* End PBXTargetDependency section */

/* Begin XCBuildConfiguration section */
		19134D132AE5584000CEA8A3 /* Debug */ = {
			isa = XCBuildConfiguration;
			buildSettings = {
				ALWAYS_SEARCH_USER_PATHS = NO;
				CLANG_ANALYZER_NONNULL = YES;
				CLANG_ANALYZER_NUMBER_OBJECT_CONVERSION = YES_AGGRESSIVE;
				CLANG_CXX_LANGUAGE_STANDARD = "gnu++20";
				CLANG_ENABLE_MODULES = YES;
				CLANG_ENABLE_OBJC_ARC = YES;
				CLANG_ENABLE_OBJC_WEAK = YES;
				CLANG_WARN_BLOCK_CAPTURE_AUTORELEASING = YES;
				CLANG_WARN_BOOL_CONVERSION = YES;
				CLANG_WARN_COMMA = YES;
				CLANG_WARN_CONSTANT_CONVERSION = YES;
				CLANG_WARN_DEPRECATED_OBJC_IMPLEMENTATIONS = YES;
				CLANG_WARN_DIRECT_OBJC_ISA_USAGE = YES_ERROR;
				CLANG_WARN_DOCUMENTATION_COMMENTS = YES;
				CLANG_WARN_EMPTY_BODY = YES;
				CLANG_WARN_ENUM_CONVERSION = YES;
				CLANG_WARN_INFINITE_RECURSION = YES;
				CLANG_WARN_INT_CONVERSION = YES;
				CLANG_WARN_NON_LITERAL_NULL_CONVERSION = YES;
				CLANG_WARN_OBJC_IMPLICIT_RETAIN_SELF = YES;
				CLANG_WARN_OBJC_LITERAL_CONVERSION = YES;
				CLANG_WARN_OBJC_ROOT_CLASS = YES_ERROR;
				CLANG_WARN_QUOTED_INCLUDE_IN_FRAMEWORK_HEADER = YES;
				CLANG_WARN_RANGE_LOOP_ANALYSIS = YES;
				CLANG_WARN_STRICT_PROTOTYPES = YES;
				CLANG_WARN_SUSPICIOUS_MOVE = YES;
				CLANG_WARN_UNGUARDED_AVAILABILITY = YES_AGGRESSIVE;
				CLANG_WARN_UNREACHABLE_CODE = YES;
				CLANG_WARN__DUPLICATE_METHOD_MATCH = YES;
				COPY_PHASE_STRIP = NO;
				DEBUG_INFORMATION_FORMAT = dwarf;
				ENABLE_STRICT_OBJC_MSGSEND = YES;
				ENABLE_TESTABILITY = YES;
				GCC_C_LANGUAGE_STANDARD = gnu11;
				GCC_DYNAMIC_NO_PIC = NO;
				GCC_NO_COMMON_BLOCKS = YES;
				GCC_OPTIMIZATION_LEVEL = 0;
				GCC_PREPROCESSOR_DEFINITIONS = (
					"DEBUG=1",
					"$(inherited)",
				);
				GCC_WARN_64_TO_32_BIT_CONVERSION = YES;
				GCC_WARN_ABOUT_RETURN_TYPE = YES_ERROR;
				GCC_WARN_UNDECLARED_SELECTOR = YES;
				GCC_WARN_UNINITIALIZED_AUTOS = YES_AGGRESSIVE;
				GCC_WARN_UNUSED_FUNCTION = YES;
				GCC_WARN_UNUSED_VARIABLE = YES;
				IPHONEOS_DEPLOYMENT_TARGET = 16.4;
				MTL_ENABLE_DEBUG_INFO = INCLUDE_SOURCE;
				MTL_FAST_MATH = YES;
				ONLY_ACTIVE_ARCH = YES;
				SDKROOT = iphoneos;
				SWIFT_ACTIVE_COMPILATION_CONDITIONS = DEBUG;
				SWIFT_OPTIMIZATION_LEVEL = "-Onone";
			};
			name = Debug;
		};
		19134D142AE5584000CEA8A3 /* Release */ = {
			isa = XCBuildConfiguration;
			buildSettings = {
				ALWAYS_SEARCH_USER_PATHS = NO;
				CLANG_ANALYZER_NONNULL = YES;
				CLANG_ANALYZER_NUMBER_OBJECT_CONVERSION = YES_AGGRESSIVE;
				CLANG_CXX_LANGUAGE_STANDARD = "gnu++20";
				CLANG_ENABLE_MODULES = YES;
				CLANG_ENABLE_OBJC_ARC = YES;
				CLANG_ENABLE_OBJC_WEAK = YES;
				CLANG_WARN_BLOCK_CAPTURE_AUTORELEASING = YES;
				CLANG_WARN_BOOL_CONVERSION = YES;
				CLANG_WARN_COMMA = YES;
				CLANG_WARN_CONSTANT_CONVERSION = YES;
				CLANG_WARN_DEPRECATED_OBJC_IMPLEMENTATIONS = YES;
				CLANG_WARN_DIRECT_OBJC_ISA_USAGE = YES_ERROR;
				CLANG_WARN_DOCUMENTATION_COMMENTS = YES;
				CLANG_WARN_EMPTY_BODY = YES;
				CLANG_WARN_ENUM_CONVERSION = YES;
				CLANG_WARN_INFINITE_RECURSION = YES;
				CLANG_WARN_INT_CONVERSION = YES;
				CLANG_WARN_NON_LITERAL_NULL_CONVERSION = YES;
				CLANG_WARN_OBJC_IMPLICIT_RETAIN_SELF = YES;
				CLANG_WARN_OBJC_LITERAL_CONVERSION = YES;
				CLANG_WARN_OBJC_ROOT_CLASS = YES_ERROR;
				CLANG_WARN_QUOTED_INCLUDE_IN_FRAMEWORK_HEADER = YES;
				CLANG_WARN_RANGE_LOOP_ANALYSIS = YES;
				CLANG_WARN_STRICT_PROTOTYPES = YES;
				CLANG_WARN_SUSPICIOUS_MOVE = YES;
				CLANG_WARN_UNGUARDED_AVAILABILITY = YES_AGGRESSIVE;
				CLANG_WARN_UNREACHABLE_CODE = YES;
				CLANG_WARN__DUPLICATE_METHOD_MATCH = YES;
				COPY_PHASE_STRIP = NO;
				DEBUG_INFORMATION_FORMAT = "dwarf-with-dsym";
				ENABLE_NS_ASSERTIONS = NO;
				ENABLE_STRICT_OBJC_MSGSEND = YES;
				GCC_C_LANGUAGE_STANDARD = gnu11;
				GCC_NO_COMMON_BLOCKS = YES;
				GCC_WARN_64_TO_32_BIT_CONVERSION = YES;
				GCC_WARN_ABOUT_RETURN_TYPE = YES_ERROR;
				GCC_WARN_UNDECLARED_SELECTOR = YES;
				GCC_WARN_UNINITIALIZED_AUTOS = YES_AGGRESSIVE;
				GCC_WARN_UNUSED_FUNCTION = YES;
				GCC_WARN_UNUSED_VARIABLE = YES;
				IPHONEOS_DEPLOYMENT_TARGET = 16.4;
				MTL_ENABLE_DEBUG_INFO = NO;
				MTL_FAST_MATH = YES;
				SDKROOT = iphoneos;
				SWIFT_COMPILATION_MODE = wholemodule;
				SWIFT_OPTIMIZATION_LEVEL = "-O";
				VALIDATE_PRODUCT = YES;
			};
			name = Release;
		};
		19134D162AE5584000CEA8A3 /* Debug */ = {
			isa = XCBuildConfiguration;
			buildSettings = {
				ASSETCATALOG_COMPILER_APPICON_NAME = AppIcon;
				ASSETCATALOG_COMPILER_GLOBAL_ACCENT_COLOR_NAME = AccentColor;
				CODE_SIGN_STYLE = Automatic;
				CURRENT_PROJECT_VERSION = 1;
				DEVELOPMENT_ASSET_PATHS = "\"RandomWorkoutGenerator/Preview Content\"";
				DEVELOPMENT_TEAM = 8DHQ65A45Y;
				ENABLE_PREVIEWS = YES;
				GENERATE_INFOPLIST_FILE = YES;
				INFOPLIST_KEY_UIApplicationSceneManifest_Generation = YES;
				INFOPLIST_KEY_UIApplicationSupportsIndirectInputEvents = YES;
				INFOPLIST_KEY_UILaunchScreen_Generation = YES;
				INFOPLIST_KEY_UISupportedInterfaceOrientations_iPad = "UIInterfaceOrientationPortrait UIInterfaceOrientationPortraitUpsideDown UIInterfaceOrientationLandscapeLeft UIInterfaceOrientationLandscapeRight";
				INFOPLIST_KEY_UISupportedInterfaceOrientations_iPhone = "UIInterfaceOrientationPortrait UIInterfaceOrientationLandscapeLeft UIInterfaceOrientationLandscapeRight";
				LD_RUNPATH_SEARCH_PATHS = (
					"$(inherited)",
					"@executable_path/Frameworks",
				);
				MARKETING_VERSION = 1.0;
				PRODUCT_BUNDLE_IDENTIFIER = com.amrosalha.RandomWorkoutGenerator;
				PRODUCT_NAME = "$(TARGET_NAME)";
				SWIFT_EMIT_LOC_STRINGS = YES;
				SWIFT_VERSION = 5.0;
				TARGETED_DEVICE_FAMILY = "1,2";
			};
			name = Debug;
		};
		19134D172AE5584000CEA8A3 /* Release */ = {
			isa = XCBuildConfiguration;
			buildSettings = {
				ASSETCATALOG_COMPILER_APPICON_NAME = AppIcon;
				ASSETCATALOG_COMPILER_GLOBAL_ACCENT_COLOR_NAME = AccentColor;
				CODE_SIGN_STYLE = Automatic;
				CURRENT_PROJECT_VERSION = 1;
				DEVELOPMENT_ASSET_PATHS = "\"RandomWorkoutGenerator/Preview Content\"";
				DEVELOPMENT_TEAM = 8DHQ65A45Y;
				ENABLE_PREVIEWS = YES;
				GENERATE_INFOPLIST_FILE = YES;
				INFOPLIST_KEY_UIApplicationSceneManifest_Generation = YES;
				INFOPLIST_KEY_UIApplicationSupportsIndirectInputEvents = YES;
				INFOPLIST_KEY_UILaunchScreen_Generation = YES;
				INFOPLIST_KEY_UISupportedInterfaceOrientations_iPad = "UIInterfaceOrientationPortrait UIInterfaceOrientationPortraitUpsideDown UIInterfaceOrientationLandscapeLeft UIInterfaceOrientationLandscapeRight";
				INFOPLIST_KEY_UISupportedInterfaceOrientations_iPhone = "UIInterfaceOrientationPortrait UIInterfaceOrientationLandscapeLeft UIInterfaceOrientationLandscapeRight";
				LD_RUNPATH_SEARCH_PATHS = (
					"$(inherited)",
					"@executable_path/Frameworks",
				);
				MARKETING_VERSION = 1.0;
				PRODUCT_BUNDLE_IDENTIFIER = com.amrosalha.RandomWorkoutGenerator;
				PRODUCT_NAME = "$(TARGET_NAME)";
				SWIFT_EMIT_LOC_STRINGS = YES;
				SWIFT_VERSION = 5.0;
				TARGETED_DEVICE_FAMILY = "1,2";
			};
			name = Release;
		};
		19134D192AE5584000CEA8A3 /* Debug */ = {
			isa = XCBuildConfiguration;
			buildSettings = {
				ALWAYS_EMBED_SWIFT_STANDARD_LIBRARIES = YES;
				BUNDLE_LOADER = "$(TEST_HOST)";
				CODE_SIGN_STYLE = Automatic;
				CURRENT_PROJECT_VERSION = 1;
				DEVELOPMENT_TEAM = 8DHQ65A45Y;
				GENERATE_INFOPLIST_FILE = YES;
				IPHONEOS_DEPLOYMENT_TARGET = 16.4;
				MARKETING_VERSION = 1.0;
				PRODUCT_BUNDLE_IDENTIFIER = com.amrosalha.RandomWorkoutGeneratorTests;
				PRODUCT_NAME = "$(TARGET_NAME)";
				SWIFT_EMIT_LOC_STRINGS = NO;
				SWIFT_VERSION = 5.0;
				TARGETED_DEVICE_FAMILY = "1,2";
				TEST_HOST = "$(BUILT_PRODUCTS_DIR)/RandomWorkoutGenerator.app/$(BUNDLE_EXECUTABLE_FOLDER_PATH)/RandomWorkoutGenerator";
			};
			name = Debug;
		};
		19134D1A2AE5584000CEA8A3 /* Release */ = {
			isa = XCBuildConfiguration;
			buildSettings = {
				ALWAYS_EMBED_SWIFT_STANDARD_LIBRARIES = YES;
				BUNDLE_LOADER = "$(TEST_HOST)";
				CODE_SIGN_STYLE = Automatic;
				CURRENT_PROJECT_VERSION = 1;
				DEVELOPMENT_TEAM = 8DHQ65A45Y;
				GENERATE_INFOPLIST_FILE = YES;
				IPHONEOS_DEPLOYMENT_TARGET = 16.4;
				MARKETING_VERSION = 1.0;
				PRODUCT_BUNDLE_IDENTIFIER = com.amrosalha.RandomWorkoutGeneratorTests;
				PRODUCT_NAME = "$(TARGET_NAME)";
				SWIFT_EMIT_LOC_STRINGS = NO;
				SWIFT_VERSION = 5.0;
				TARGETED_DEVICE_FAMILY = "1,2";
				TEST_HOST = "$(BUILT_PRODUCTS_DIR)/RandomWorkoutGenerator.app/$(BUNDLE_EXECUTABLE_FOLDER_PATH)/RandomWorkoutGenerator";
			};
			name = Release;
		};
		19134D1C2AE5584000CEA8A3 /* Debug */ = {
			isa = XCBuildConfiguration;
			buildSettings = {
				ALWAYS_EMBED_SWIFT_STANDARD_LIBRARIES = YES;
				CODE_SIGN_STYLE = Automatic;
				CURRENT_PROJECT_VERSION = 1;
				DEVELOPMENT_TEAM = 8DHQ65A45Y;
				GENERATE_INFOPLIST_FILE = YES;
				MARKETING_VERSION = 1.0;
				PRODUCT_BUNDLE_IDENTIFIER = com.amrosalha.RandomWorkoutGeneratorUITests;
				PRODUCT_NAME = "$(TARGET_NAME)";
				SWIFT_EMIT_LOC_STRINGS = NO;
				SWIFT_VERSION = 5.0;
				TARGETED_DEVICE_FAMILY = "1,2";
				TEST_TARGET_NAME = RandomWorkoutGenerator;
			};
			name = Debug;
		};
		19134D1D2AE5584000CEA8A3 /* Release */ = {
			isa = XCBuildConfiguration;
			buildSettings = {
				ALWAYS_EMBED_SWIFT_STANDARD_LIBRARIES = YES;
				CODE_SIGN_STYLE = Automatic;
				CURRENT_PROJECT_VERSION = 1;
				DEVELOPMENT_TEAM = 8DHQ65A45Y;
				GENERATE_INFOPLIST_FILE = YES;
				MARKETING_VERSION = 1.0;
				PRODUCT_BUNDLE_IDENTIFIER = com.amrosalha.RandomWorkoutGeneratorUITests;
				PRODUCT_NAME = "$(TARGET_NAME)";
				SWIFT_EMIT_LOC_STRINGS = NO;
				SWIFT_VERSION = 5.0;
				TARGETED_DEVICE_FAMILY = "1,2";
				TEST_TARGET_NAME = RandomWorkoutGenerator;
			};
			name = Release;
		};
/* End XCBuildConfiguration section */

/* Begin XCConfigurationList section */
		19134CE72AE5583D00CEA8A3 /* Build configuration list for PBXProject "RandomWorkoutGenerator" */ = {
			isa = XCConfigurationList;
			buildConfigurations = (
				19134D132AE5584000CEA8A3 /* Debug */,
				19134D142AE5584000CEA8A3 /* Release */,
			);
			defaultConfigurationIsVisible = 0;
			defaultConfigurationName = Release;
		};
		19134D152AE5584000CEA8A3 /* Build configuration list for PBXNativeTarget "RandomWorkoutGenerator" */ = {
			isa = XCConfigurationList;
			buildConfigurations = (
				19134D162AE5584000CEA8A3 /* Debug */,
				19134D172AE5584000CEA8A3 /* Release */,
			);
			defaultConfigurationIsVisible = 0;
			defaultConfigurationName = Release;
		};
		19134D182AE5584000CEA8A3 /* Build configuration list for PBXNativeTarget "RandomWorkoutGeneratorTests" */ = {
			isa = XCConfigurationList;
			buildConfigurations = (
				19134D192AE5584000CEA8A3 /* Debug */,
				19134D1A2AE5584000CEA8A3 /* Release */,
			);
			defaultConfigurationIsVisible = 0;
			defaultConfigurationName = Release;
		};
		19134D1B2AE5584000CEA8A3 /* Build configuration list for PBXNativeTarget "RandomWorkoutGeneratorUITests" */ = {
			isa = XCConfigurationList;
			buildConfigurations = (
				19134D1C2AE5584000CEA8A3 /* Debug */,
				19134D1D2AE5584000CEA8A3 /* Release */,
			);
			defaultConfigurationIsVisible = 0;
			defaultConfigurationName = Release;
		};
/* End XCConfigurationList section */

/* Begin XCVersionGroup section */
		19134CFA2AE5584000CEA8A3 /* RandomWorkoutGenerator.xcdatamodeld */ = {
			isa = XCVersionGroup;
			children = (
				19134CFB2AE5584000CEA8A3 /* RandomWorkoutGenerator.xcdatamodel */,
			);
			currentVersion = 19134CFB2AE5584000CEA8A3 /* RandomWorkoutGenerator.xcdatamodel */;
			path = RandomWorkoutGenerator.xcdatamodeld;
			sourceTree = "<group>";
			versionGroupType = wrapper.xcdatamodel;
		};
/* End XCVersionGroup section */
	};
	rootObject = 19134CE42AE5583D00CEA8A3 /* Project object */;
}
